
Microsoft Visual Studio Solution File, Format Version 12.00
# Visual Studio Version 17
VisualStudioVersion = 17.14.36616.10
MinimumVisualStudioVersion = 10.0.40219.1
Project("{2150E333-8FDC-42A3-9474-1A3956D46DE8}") = "Task0", "Task0", "{02EA681E-C7D8-13C7-8484-4AC65E1B71E8}"
EndProject
Project("{FAE04EC0-301F-11D3-BF4B-00C04F79EFBC}") = "Tyuiu.ShakirovSA.Sprint5.Task0.V20", "Tyuiu.ShakirovSA.Sprint5.Task0.V20\Tyuiu.ShakirovSA.Sprint5.Task0.V20.csproj", "{34360AAE-706D-4A37-8FD7-51DA8B1CD850}"
EndProject
Project("{FAE04EC0-301F-11D3-BF4B-00C04F79EFBC}") = "Tyuiu.ShakirovSA.Sprint5.Task0.V20.Lib", "Tyuiu.ShakirovSA.Sprint5.Task0.V20.Lib\Tyuiu.ShakirovSA.Sprint5.Task0.V20.Lib.csproj", "{0044A5F1-17F9-4247-AD43-62714F7B5A0B}"
EndProject
Project("{FAE04EC0-301F-11D3-BF4B-00C04F79EFBC}") = "Tyuiu.ShakirovSA.Sprint5.Task0.V20.Test", "Tyuiu.ShakirovSA.Sprint5.Task0.Test\Tyuiu.ShakirovSA.Sprint5.Task0.V20.Test.csproj", "{D0862C72-D706-434D-BD9D-59451B68ADA0}"
EndProject
Project("{FAE04EC0-301F-11D3-BF4B-00C04F79EFBC}") = "Tyuiu.ShakirovSA.Sprint5.Task0.V20.Test", "Tyuiu.ShakirovSA.Sprint5.Task0.V20.Test\Tyuiu.ShakirovSA.Sprint5.Task0.V20.Test.csproj", "{C6282F61-3BCA-4990-85CD-E64E7E212977}"
EndProject
Project("{2150E333-8FDC-42A3-9474-1A3956D46DE8}") = "Task1", "Task1", "{8EE4B1C6-0A4F-41D1-B6FC-E183DE127C07}"
EndProject
Project("{FAE04EC0-301F-11D3-BF4B-00C04F79EFBC}") = "Tyuiu.ShakirovSA.Sprint5.Task1.V17", "Tyuiu.ShakirovSA.Sprint5.Task1.V17\Tyuiu.ShakirovSA.Sprint5.Task1.V17.csproj", "{AFDCB8B9-9DFA-4BEE-B01A-4C8B38D4AE0B}"
EndProject
Project("{FAE04EC0-301F-11D3-BF4B-00C04F79EFBC}") = "Tyuiu.ShakirovSA.Sprint5.Task1.V17.Lib", "Tyuiu.ShakirovSA.Sprint5.Task1.V17.Lib\Tyuiu.ShakirovSA.Sprint5.Task1.V17.Lib.csproj", "{98DE2AFE-1743-4AEA-A3F5-0346B4EC7652}"
EndProject
Project("{FAE04EC0-301F-11D3-BF4B-00C04F79EFBC}") = "Tyuiu.ShakirovSA.Sprint5.Task1.V17.Test", "Tyuiu.ShakirovSA.Sprint5.Task1.V17.Test\Tyuiu.ShakirovSA.Sprint5.Task1.V17.Test.csproj", "{CED3A0CF-10F3-4F0E-AADA-AECF1EC9C715}"
EndProject
Project("{2150E333-8FDC-42A3-9474-1A3956D46DE8}") = "Task2", "Task2", "{A2F2BE35-58D8-4F45-83B9-333831E0ADC7}"
EndProject
Project("{FAE04EC0-301F-11D3-BF4B-00C04F79EFBC}") = "Tyuiu.ShakirovSA.Sprint5.Task2.V5", "Tyuiu.ShakirovSA.Sprint5.Task2.V5\Tyuiu.ShakirovSA.Sprint5.Task2.V5.csproj", "{A79C7F10-7B7E-4605-B5C8-AFDD5A27ED12}"
EndProject
Project("{FAE04EC0-301F-11D3-BF4B-00C04F79EFBC}") = "Tyuiu.ShakirovSA.Sprint5.Task2.V5.Lib", "Tyuiu.ShakirovSA.Sprint5.Task2.V5.Lib\Tyuiu.ShakirovSA.Sprint5.Task2.V5.Lib.csproj", "{D792ABD0-93D2-4AA9-80A4-5C76CE9D918E}"
EndProject
Project("{FAE04EC0-301F-11D3-BF4B-00C04F79EFBC}") = "Tyuiu.ShakirovSA.Sprint5.Task2.V5.Test", "Tyuiu.ShakirovSA.Sprint5.Task2.V5.Test\Tyuiu.ShakirovSA.Sprint5.Task2.V5.Test.csproj", "{5AB161FD-6631-4432-B300-7A1580888112}"
EndProject
Project("{2150E333-8FDC-42A3-9474-1A3956D46DE8}") = "Task3", "Task3", "{F728387D-7D30-4BD8-817E-4C5AD97B83D1}"
EndProject
Project("{FAE04EC0-301F-11D3-BF4B-00C04F79EFBC}") = "Tyuiu.ShakirovSA.Sprint5.Task3.V30", "Tyuiu.ShakirovSA.Sprint5.Task3.V30\Tyuiu.ShakirovSA.Sprint5.Task3.V30.csproj", "{C5700107-E36B-4E44-A16B-44F8C99948CD}"
EndProject
Project("{FAE04EC0-301F-11D3-BF4B-00C04F79EFBC}") = "Tyuiu.ShakirovSA.Sprint5.Task3.V30.Lib", "Tyuiu.ShakirovSA.Sprint5.Task3.V30.Lib\Tyuiu.ShakirovSA.Sprint5.Task3.V30.Lib.csproj", "{A6D525D6-AA0B-4EA4-BB75-BEDFAF203C31}"
EndProject
Project("{FAE04EC0-301F-11D3-BF4B-00C04F79EFBC}") = "Tyuiu.ShakirovSA.Sprint5.Task3.V30.Test", "Tyuiu.ShakirovSA.Sprint5.Task3.V30.Test\Tyuiu.ShakirovSA.Sprint5.Task3.V30.Test.csproj", "{70E6215E-4E12-48F4-A0DE-8CEB97C45035}"
EndProject
Project("{2150E333-8FDC-42A3-9474-1A3956D46DE8}") = "Task4", "Task4", "{0CB300C9-4C68-4C49-A5E2-34A88D0AED69}"
EndProject
Project("{FAE04EC0-301F-11D3-BF4B-00C04F79EFBC}") = "Tyuiu.ShakirovSA.Sprint5.Task4.V16", "Tyuiu.ShakirovSA.Sprint5.Task4.V16\Tyuiu.ShakirovSA.Sprint5.Task4.V16.csproj", "{629BF545-F905-452E-8542-8190006DAA18}"
EndProject
Project("{FAE04EC0-301F-11D3-BF4B-00C04F79EFBC}") = "Tyuiu.ShakirovSA.Sprint5.Task4.V16.Lib", "Tyuiu.ShakirovSA.Sprint5.Task4.V16.Lib\Tyuiu.ShakirovSA.Sprint5.Task4.V16.Lib.csproj", "{C52DAD53-7FCF-4A8C-AEB5-A8900499E283}"
EndProject
Project("{FAE04EC0-301F-11D3-BF4B-00C04F79EFBC}") = "Tyuiu.ShakirovSA.Sprint5.Task4.V16.Test", "Tyuiu.ShakirovSA.Sprint5.Task4.V16.Test\Tyuiu.ShakirovSA.Sprint5.Task4.V16.Test.csproj", "{66EB59DE-C3D8-467F-8189-A5BF6B50AAB1}"
EndProject
Project("{2150E333-8FDC-42A3-9474-1A3956D46DE8}") = "Task5", "Task5", "{3F4D846E-936D-4DCE-9A22-7EFC6ACB9A42}"
EndProject
Project("{FAE04EC0-301F-11D3-BF4B-00C04F79EFBC}") = "Tyuiu.ShakirovSA.Sprint5.Task5.V25", "Tyuiu.ShakirovSA.Sprint5.Task5.V25\Tyuiu.ShakirovSA.Sprint5.Task5.V25.csproj", "{42E31555-CB7C-4A01-80F2-1F459AEDC054}"
EndProject
Project("{FAE04EC0-301F-11D3-BF4B-00C04F79EFBC}") = "Tyuiu.ShakirovSA.Sprint5.Task5.V25.Lib", "Tyuiu.ShakirovSA.Sprint5.Task5.V25.Lib\Tyuiu.ShakirovSA.Sprint5.Task5.V25.Lib.csproj", "{A0DE8BE6-19DB-462A-8E8A-701312689C4F}"
EndProject
Project("{FAE04EC0-301F-11D3-BF4B-00C04F79EFBC}") = "Tyuiu.ShakirovSA.Sprint5.Task5.V25.Test", "Tyuiu.ShakirovSA.Sprint5.Task5.V25.Test\Tyuiu.ShakirovSA.Sprint5.Task5.V25.Test.csproj", "{7F78B1B3-FBCC-46B0-8E64-7E79C4E2E74F}"
EndProject
Project("{2150E333-8FDC-42A3-9474-1A3956D46DE8}") = "Task6", "Task6", "{72523FF7-D28A-4787-80DE-CA8353466AC7}"
EndProject
Project("{FAE04EC0-301F-11D3-BF4B-00C04F79EFBC}") = "Tyuiu.ShakirovSA.Sprint5.Task6.V25", "Tyuiu.ShakirovSA.Sprint5.Task6.V25\Tyuiu.ShakirovSA.Sprint5.Task6.V25.csproj", "{A4300721-07A1-4FAD-8D21-2C0477D7AF72}"
EndProject
Project("{FAE04EC0-301F-11D3-BF4B-00C04F79EFBC}") = "Tyuiu.ShakirovSA.Sprint5.Task6.V25.Lib", "Tyuiu.ShakirovSA.Sprint5.Task6.V25.Lib\Tyuiu.ShakirovSA.Sprint5.Task6.V25.Lib.csproj", "{ABAEBBD6-7C91-4EA4-AE29-836C124C14F4}"
EndProject
Project("{FAE04EC0-301F-11D3-BF4B-00C04F79EFBC}") = "Tyuiu.ShakirovSA.Sprint5.Task6.V25.Test", "Tyuiu.ShakirovSA.Sprint5.Task6.V25.Test\Tyuiu.ShakirovSA.Sprint5.Task6.V25.Test.csproj", "{1142B9CB-B3A3-414B-8CC9-506C4FCCF113}"
EndProject
Global
	GlobalSection(SolutionConfigurationPlatforms) = preSolution
		Debug|Any CPU = Debug|Any CPU
		Release|Any CPU = Release|Any CPU
	EndGlobalSection
	GlobalSection(ProjectConfigurationPlatforms) = postSolution
		{34360AAE-706D-4A37-8FD7-51DA8B1CD850}.Debug|Any CPU.ActiveCfg = Debug|Any CPU
		{34360AAE-706D-4A37-8FD7-51DA8B1CD850}.Debug|Any CPU.Build.0 = Debug|Any CPU
		{34360AAE-706D-4A37-8FD7-51DA8B1CD850}.Release|Any CPU.ActiveCfg = Release|Any CPU
		{34360AAE-706D-4A37-8FD7-51DA8B1CD850}.Release|Any CPU.Build.0 = Release|Any CPU
		{0044A5F1-17F9-4247-AD43-62714F7B5A0B}.Debug|Any CPU.ActiveCfg = Debug|Any CPU
		{0044A5F1-17F9-4247-AD43-62714F7B5A0B}.Debug|Any CPU.Build.0 = Debug|Any CPU
		{0044A5F1-17F9-4247-AD43-62714F7B5A0B}.Release|Any CPU.ActiveCfg = Release|Any CPU
		{0044A5F1-17F9-4247-AD43-62714F7B5A0B}.Release|Any CPU.Build.0 = Release|Any CPU
		{D0862C72-D706-434D-BD9D-59451B68ADA0}.Debug|Any CPU.ActiveCfg = Debug|Any CPU
		{D0862C72-D706-434D-BD9D-59451B68ADA0}.Debug|Any CPU.Build.0 = Debug|Any CPU
		{D0862C72-D706-434D-BD9D-59451B68ADA0}.Release|Any CPU.ActiveCfg = Release|Any CPU
		{D0862C72-D706-434D-BD9D-59451B68ADA0}.Release|Any CPU.Build.0 = Release|Any CPU
		{C6282F61-3BCA-4990-85CD-E64E7E212977}.Debug|Any CPU.ActiveCfg = Debug|Any CPU
		{C6282F61-3BCA-4990-85CD-E64E7E212977}.Debug|Any CPU.Build.0 = Debug|Any CPU
		{C6282F61-3BCA-4990-85CD-E64E7E212977}.Release|Any CPU.ActiveCfg = Release|Any CPU
		{C6282F61-3BCA-4990-85CD-E64E7E212977}.Release|Any CPU.Build.0 = Release|Any CPU
		{AFDCB8B9-9DFA-4BEE-B01A-4C8B38D4AE0B}.Debug|Any CPU.ActiveCfg = Debug|Any CPU
		{AFDCB8B9-9DFA-4BEE-B01A-4C8B38D4AE0B}.Debug|Any CPU.Build.0 = Debug|Any CPU
		{AFDCB8B9-9DFA-4BEE-B01A-4C8B38D4AE0B}.Release|Any CPU.ActiveCfg = Release|Any CPU
		{AFDCB8B9-9DFA-4BEE-B01A-4C8B38D4AE0B}.Release|Any CPU.Build.0 = Release|Any CPU
		{98DE2AFE-1743-4AEA-A3F5-0346B4EC7652}.Debug|Any CPU.ActiveCfg = Debug|Any CPU
		{98DE2AFE-1743-4AEA-A3F5-0346B4EC7652}.Debug|Any CPU.Build.0 = Debug|Any CPU
		{98DE2AFE-1743-4AEA-A3F5-0346B4EC7652}.Release|Any CPU.ActiveCfg = Release|Any CPU
		{98DE2AFE-1743-4AEA-A3F5-0346B4EC7652}.Release|Any CPU.Build.0 = Release|Any CPU
		{CED3A0CF-10F3-4F0E-AADA-AECF1EC9C715}.Debug|Any CPU.ActiveCfg = Debug|Any CPU
		{CED3A0CF-10F3-4F0E-AADA-AECF1EC9C715}.Debug|Any CPU.Build.0 = Debug|Any CPU
		{CED3A0CF-10F3-4F0E-AADA-AECF1EC9C715}.Release|Any CPU.ActiveCfg = Release|Any CPU
		{CED3A0CF-10F3-4F0E-AADA-AECF1EC9C715}.Release|Any CPU.Build.0 = Release|Any CPU
		{A79C7F10-7B7E-4605-B5C8-AFDD5A27ED12}.Debug|Any CPU.ActiveCfg = Debug|Any CPU
		{A79C7F10-7B7E-4605-B5C8-AFDD5A27ED12}.Debug|Any CPU.Build.0 = Debug|Any CPU
		{A79C7F10-7B7E-4605-B5C8-AFDD5A27ED12}.Release|Any CPU.ActiveCfg = Release|Any CPU
		{A79C7F10-7B7E-4605-B5C8-AFDD5A27ED12}.Release|Any CPU.Build.0 = Release|Any CPU
		{D792ABD0-93D2-4AA9-80A4-5C76CE9D918E}.Debug|Any CPU.ActiveCfg = Debug|Any CPU
		{D792ABD0-93D2-4AA9-80A4-5C76CE9D918E}.Debug|Any CPU.Build.0 = Debug|Any CPU
		{D792ABD0-93D2-4AA9-80A4-5C76CE9D918E}.Release|Any CPU.ActiveCfg = Release|Any CPU
		{D792ABD0-93D2-4AA9-80A4-5C76CE9D918E}.Release|Any CPU.Build.0 = Release|Any CPU
		{5AB161FD-6631-4432-B300-7A1580888112}.Debug|Any CPU.ActiveCfg = Debug|Any CPU
		{5AB161FD-6631-4432-B300-7A1580888112}.Debug|Any CPU.Build.0 = Debug|Any CPU
		{5AB161FD-6631-4432-B300-7A1580888112}.Release|Any CPU.ActiveCfg = Release|Any CPU
		{5AB161FD-6631-4432-B300-7A1580888112}.Release|Any CPU.Build.0 = Release|Any CPU
		{C5700107-E36B-4E44-A16B-44F8C99948CD}.Debug|Any CPU.ActiveCfg = Debug|Any CPU
		{C5700107-E36B-4E44-A16B-44F8C99948CD}.Debug|Any CPU.Build.0 = Debug|Any CPU
		{C5700107-E36B-4E44-A16B-44F8C99948CD}.Release|Any CPU.ActiveCfg = Release|Any CPU
		{C5700107-E36B-4E44-A16B-44F8C99948CD}.Release|Any CPU.Build.0 = Release|Any CPU
		{A6D525D6-AA0B-4EA4-BB75-BEDFAF203C31}.Debug|Any CPU.ActiveCfg = Debug|Any CPU
		{A6D525D6-AA0B-4EA4-BB75-BEDFAF203C31}.Debug|Any CPU.Build.0 = Debug|Any CPU
		{A6D525D6-AA0B-4EA4-BB75-BEDFAF203C31}.Release|Any CPU.ActiveCfg = Release|Any CPU
		{A6D525D6-AA0B-4EA4-BB75-BEDFAF203C31}.Release|Any CPU.Build.0 = Release|Any CPU
		{70E6215E-4E12-48F4-A0DE-8CEB97C45035}.Debug|Any CPU.ActiveCfg = Debug|Any CPU
		{70E6215E-4E12-48F4-A0DE-8CEB97C45035}.Debug|Any CPU.Build.0 = Debug|Any CPU
		{70E6215E-4E12-48F4-A0DE-8CEB97C45035}.Release|Any CPU.ActiveCfg = Release|Any CPU
		{70E6215E-4E12-48F4-A0DE-8CEB97C45035}.Release|Any CPU.Build.0 = Release|Any CPU
		{629BF545-F905-452E-8542-8190006DAA18}.Debug|Any CPU.ActiveCfg = Debug|Any CPU
		{629BF545-F905-452E-8542-8190006DAA18}.Debug|Any CPU.Build.0 = Debug|Any CPU
		{629BF545-F905-452E-8542-8190006DAA18}.Release|Any CPU.ActiveCfg = Release|Any CPU
		{629BF545-F905-452E-8542-8190006DAA18}.Release|Any CPU.Build.0 = Release|Any CPU
		{C52DAD53-7FCF-4A8C-AEB5-A8900499E283}.Debug|Any CPU.ActiveCfg = Debug|Any CPU
		{C52DAD53-7FCF-4A8C-AEB5-A8900499E283}.Debug|Any CPU.Build.0 = Debug|Any CPU
		{C52DAD53-7FCF-4A8C-AEB5-A8900499E283}.Release|Any CPU.ActiveCfg = Release|Any CPU
		{C52DAD53-7FCF-4A8C-AEB5-A8900499E283}.Release|Any CPU.Build.0 = Release|Any CPU
		{66EB59DE-C3D8-467F-8189-A5BF6B50AAB1}.Debug|Any CPU.ActiveCfg = Debug|Any CPU
		{66EB59DE-C3D8-467F-8189-A5BF6B50AAB1}.Debug|Any CPU.Build.0 = Debug|Any CPU
		{66EB59DE-C3D8-467F-8189-A5BF6B50AAB1}.Release|Any CPU.ActiveCfg = Release|Any CPU
		{66EB59DE-C3D8-467F-8189-A5BF6B50AAB1}.Release|Any CPU.Build.0 = Release|Any CPU
		{42E31555-CB7C-4A01-80F2-1F459AEDC054}.Debug|Any CPU.ActiveCfg = Debug|Any CPU
		{42E31555-CB7C-4A01-80F2-1F459AEDC054}.Debug|Any CPU.Build.0 = Debug|Any CPU
		{42E31555-CB7C-4A01-80F2-1F459AEDC054}.Release|Any CPU.ActiveCfg = Release|Any CPU
		{42E31555-CB7C-4A01-80F2-1F459AEDC054}.Release|Any CPU.Build.0 = Release|Any CPU
		{A0DE8BE6-19DB-462A-8E8A-701312689C4F}.Debug|Any CPU.ActiveCfg = Debug|Any CPU
		{A0DE8BE6-19DB-462A-8E8A-701312689C4F}.Debug|Any CPU.Build.0 = Debug|Any CPU
		{A0DE8BE6-19DB-462A-8E8A-701312689C4F}.Release|Any CPU.ActiveCfg = Release|Any CPU
		{A0DE8BE6-19DB-462A-8E8A-701312689C4F}.Release|Any CPU.Build.0 = Release|Any CPU
		{7F78B1B3-FBCC-46B0-8E64-7E79C4E2E74F}.Debug|Any CPU.ActiveCfg = Debug|Any CPU
		{7F78B1B3-FBCC-46B0-8E64-7E79C4E2E74F}.Debug|Any CPU.Build.0 = Debug|Any CPU
		{7F78B1B3-FBCC-46B0-8E64-7E79C4E2E74F}.Release|Any CPU.ActiveCfg = Release|Any CPU
		{7F78B1B3-FBCC-46B0-8E64-7E79C4E2E74F}.Release|Any CPU.Build.0 = Release|Any CPU
		{A4300721-07A1-4FAD-8D21-2C0477D7AF72}.Debug|Any CPU.ActiveCfg = Debug|Any CPU
		{A4300721-07A1-4FAD-8D21-2C0477D7AF72}.Debug|Any CPU.Build.0 = Debug|Any CPU
		{A4300721-07A1-4FAD-8D21-2C0477D7AF72}.Release|Any CPU.ActiveCfg = Release|Any CPU
		{A4300721-07A1-4FAD-8D21-2C0477D7AF72}.Release|Any CPU.Build.0 = Release|Any CPU
		{ABAEBBD6-7C91-4EA4-AE29-836C124C14F4}.Debug|Any CPU.ActiveCfg = Debug|Any CPU
		{ABAEBBD6-7C91-4EA4-AE29-836C124C14F4}.Debug|Any CPU.Build.0 = Debug|Any CPU
		{ABAEBBD6-7C91-4EA4-AE29-836C124C14F4}.Release|Any CPU.ActiveCfg = Release|Any CPU
		{ABAEBBD6-7C91-4EA4-AE29-836C124C14F4}.Release|Any CPU.Build.0 = Release|Any CPU
		{1142B9CB-B3A3-414B-8CC9-506C4FCCF113}.Debug|Any CPU.ActiveCfg = Debug|Any CPU
		{1142B9CB-B3A3-414B-8CC9-506C4FCCF113}.Debug|Any CPU.Build.0 = Debug|Any CPU
		{1142B9CB-B3A3-414B-8CC9-506C4FCCF113}.Release|Any CPU.ActiveCfg = Release|Any CPU
		{1142B9CB-B3A3-414B-8CC9-506C4FCCF113}.Release|Any CPU.Build.0 = Release|Any CPU
	EndGlobalSection
	GlobalSection(SolutionProperties) = preSolution
		HideSolutionNode = FALSE
	EndGlobalSection
	GlobalSection(NestedProjects) = preSolution
		{34360AAE-706D-4A37-8FD7-51DA8B1CD850} = {02EA681E-C7D8-13C7-8484-4AC65E1B71E8}
		{0044A5F1-17F9-4247-AD43-62714F7B5A0B} = {02EA681E-C7D8-13C7-8484-4AC65E1B71E8}
		{D0862C72-D706-434D-BD9D-59451B68ADA0} = {02EA681E-C7D8-13C7-8484-4AC65E1B71E8}
		{C6282F61-3BCA-4990-85CD-E64E7E212977} = {02EA681E-C7D8-13C7-8484-4AC65E1B71E8}
		{AFDCB8B9-9DFA-4BEE-B01A-4C8B38D4AE0B} = {8EE4B1C6-0A4F-41D1-B6FC-E183DE127C07}
		{98DE2AFE-1743-4AEA-A3F5-0346B4EC7652} = {8EE4B1C6-0A4F-41D1-B6FC-E183DE127C07}
		{CED3A0CF-10F3-4F0E-AADA-AECF1EC9C715} = {8EE4B1C6-0A4F-41D1-B6FC-E183DE127C07}
		{A79C7F10-7B7E-4605-B5C8-AFDD5A27ED12} = {A2F2BE35-58D8-4F45-83B9-333831E0ADC7}
		{D792ABD0-93D2-4AA9-80A4-5C76CE9D918E} = {A2F2BE35-58D8-4F45-83B9-333831E0ADC7}
		{5AB161FD-6631-4432-B300-7A1580888112} = {A2F2BE35-58D8-4F45-83B9-333831E0ADC7}
		{C5700107-E36B-4E44-A16B-44F8C99948CD} = {F728387D-7D30-4BD8-817E-4C5AD97B83D1}
		{A6D525D6-AA0B-4EA4-BB75-BEDFAF203C31} = {F728387D-7D30-4BD8-817E-4C5AD97B83D1}
		{70E6215E-4E12-48F4-A0DE-8CEB97C45035} = {F728387D-7D30-4BD8-817E-4C5AD97B83D1}
		{629BF545-F905-452E-8542-8190006DAA18} = {0CB300C9-4C68-4C49-A5E2-34A88D0AED69}
		{C52DAD53-7FCF-4A8C-AEB5-A8900499E283} = {0CB300C9-4C68-4C49-A5E2-34A88D0AED69}
		{66EB59DE-C3D8-467F-8189-A5BF6B50AAB1} = {0CB300C9-4C68-4C49-A5E2-34A88D0AED69}
		{42E31555-CB7C-4A01-80F2-1F459AEDC054} = {3F4D846E-936D-4DCE-9A22-7EFC6ACB9A42}
		{A0DE8BE6-19DB-462A-8E8A-701312689C4F} = {3F4D846E-936D-4DCE-9A22-7EFC6ACB9A42}
		{7F78B1B3-FBCC-46B0-8E64-7E79C4E2E74F} = {3F4D846E-936D-4DCE-9A22-7EFC6ACB9A42}
		{A4300721-07A1-4FAD-8D21-2C0477D7AF72} = {72523FF7-D28A-4787-80DE-CA8353466AC7}
		{ABAEBBD6-7C91-4EA4-AE29-836C124C14F4} = {72523FF7-D28A-4787-80DE-CA8353466AC7}
		{1142B9CB-B3A3-414B-8CC9-506C4FCCF113} = {72523FF7-D28A-4787-80DE-CA8353466AC7}
	EndGlobalSection
	GlobalSection(ExtensibilityGlobals) = postSolution
		SolutionGuid = {7B7DEFAC-1FC7-41F1-A863-DAAD9AFECE64}
	EndGlobalSection
EndGlobal
